
Microsoft Visual Studio Solution File, Format Version 12.00
# Visual Studio Version 17
VisualStudioVersion = 17.4.33213.308
MinimumVisualStudioVersion = 10.0.40219.1
Project("{9A19103F-16F7-4668-BE54-9A1E7A4F7556}") = "Ecommerce", "Ecommerece.API.Products\Ecommerce.csproj", "{3DDBCC42-01F5-4BDA-B67E-187CEBCFC43D}"
EndProject
Project("{9A19103F-16F7-4668-BE54-9A1E7A4F7556}") = "ECommerce.Api.Customers", "ECommerece.Api.Customers\ECommerce.Api.Customers.csproj", "{EB959D72-5444-46ED-B84E-ECC4459960C6}"
EndProject
Project("{9A19103F-16F7-4668-BE54-9A1E7A4F7556}") = "ECommerce.Api.Products", "ECommerce.Api.Products\ECommerce.Api.Products.csproj", "{97EC2679-11D6-4FE7-99F5-F168F76D53DC}"
EndProject
Project("{9A19103F-16F7-4668-BE54-9A1E7A4F7556}") = "ECommerce.Api.Orders", "ECommerce.Api.Orders\ECommerce.Api.Orders.csproj", "{18FD1327-84DC-4BF3-9FE3-DA4327B9F655}"
EndProject
Project("{9A19103F-16F7-4668-BE54-9A1E7A4F7556}") = "ECommerce.Api.Search", "ECommerce.Api.Search\ECommerce.Api.Search.csproj", "{648E39BE-1A30-4038-953C-9715244B34E6}"
EndProject
Project("{9A19103F-16F7-4668-BE54-9A1E7A4F7556}") = "Ecommerce.Api.Products.Tests", "Ecommerce.Api.Products.Tests\Ecommerce.Api.Products.Tests.csproj", "{FA52CFF7-5F48-43CA-90EB-9BA8F0F77465}"
EndProject
Project("{E53339B2-1760-4266-BCC7-CA923CBCF16C}") = "docker-compose", "docker-compose.dcproj", "{8B2814AE-5C5C-48E6-95AB-9B3DCF3EE339}"
EndProject
Global
	GlobalSection(SolutionConfigurationPlatforms) = preSolution
		Debug|Any CPU = Debug|Any CPU
		Release|Any CPU = Release|Any CPU
	EndGlobalSection
	GlobalSection(ProjectConfigurationPlatforms) = postSolution
		{3DDBCC42-01F5-4BDA-B67E-187CEBCFC43D}.Debug|Any CPU.ActiveCfg = Debug|Any CPU
		{3DDBCC42-01F5-4BDA-B67E-187CEBCFC43D}.Debug|Any CPU.Build.0 = Debug|Any CPU
		{3DDBCC42-01F5-4BDA-B67E-187CEBCFC43D}.Release|Any CPU.ActiveCfg = Release|Any CPU
		{3DDBCC42-01F5-4BDA-B67E-187CEBCFC43D}.Release|Any CPU.Build.0 = Release|Any CPU
		{EB959D72-5444-46ED-B84E-ECC4459960C6}.Debug|Any CPU.ActiveCfg = Debug|Any CPU
		{EB959D72-5444-46ED-B84E-ECC4459960C6}.Debug|Any CPU.Build.0 = Debug|Any CPU
		{EB959D72-5444-46ED-B84E-ECC4459960C6}.Release|Any CPU.ActiveCfg = Release|Any CPU
		{EB959D72-5444-46ED-B84E-ECC4459960C6}.Release|Any CPU.Build.0 = Release|Any CPU
		{97EC2679-11D6-4FE7-99F5-F168F76D53DC}.Debug|Any CPU.ActiveCfg = Debug|Any CPU
		{97EC2679-11D6-4FE7-99F5-F168F76D53DC}.Debug|Any CPU.Build.0 = Debug|Any CPU
		{97EC2679-11D6-4FE7-99F5-F168F76D53DC}.Release|Any CPU.ActiveCfg = Release|Any CPU
		{97EC2679-11D6-4FE7-99F5-F168F76D53DC}.Release|Any CPU.Build.0 = Release|Any CPU
		{18FD1327-84DC-4BF3-9FE3-DA4327B9F655}.Debug|Any CPU.ActiveCfg = Debug|Any CPU
		{18FD1327-84DC-4BF3-9FE3-DA4327B9F655}.Debug|Any CPU.Build.0 = Debug|Any CPU
		{18FD1327-84DC-4BF3-9FE3-DA4327B9F655}.Release|Any CPU.ActiveCfg = Release|Any CPU
		{18FD1327-84DC-4BF3-9FE3-DA4327B9F655}.Release|Any CPU.Build.0 = Release|Any CPU
		{648E39BE-1A30-4038-953C-9715244B34E6}.Debug|Any CPU.ActiveCfg = Debug|Any CPU
		{648E39BE-1A30-4038-953C-9715244B34E6}.Debug|Any CPU.Build.0 = Debug|Any CPU
		{648E39BE-1A30-4038-953C-9715244B34E6}.Release|Any CPU.ActiveCfg = Release|Any CPU
		{648E39BE-1A30-4038-953C-9715244B34E6}.Release|Any CPU.Build.0 = Release|Any CPU
		{FA52CFF7-5F48-43CA-90EB-9BA8F0F77465}.Debug|Any CPU.ActiveCfg = Debug|Any CPU
		{FA52CFF7-5F48-43CA-90EB-9BA8F0F77465}.Debug|Any CPU.Build.0 = Debug|Any CPU
		{FA52CFF7-5F48-43CA-90EB-9BA8F0F77465}.Release|Any CPU.ActiveCfg = Release|Any CPU
		{FA52CFF7-5F48-43CA-90EB-9BA8F0F77465}.Release|Any CPU.Build.0 = Release|Any CPU
		{8B2814AE-5C5C-48E6-95AB-9B3DCF3EE339}.Debug|Any CPU.ActiveCfg = Debug|Any CPU
		{8B2814AE-5C5C-48E6-95AB-9B3DCF3EE339}.Debug|Any CPU.Build.0 = Debug|Any CPU
		{8B2814AE-5C5C-48E6-95AB-9B3DCF3EE339}.Release|Any CPU.ActiveCfg = Release|Any CPU
		{8B2814AE-5C5C-48E6-95AB-9B3DCF3EE339}.Release|Any CPU.Build.0 = Release|Any CPU
	EndGlobalSection
	GlobalSection(SolutionProperties) = preSolution
		HideSolutionNode = FALSE
	EndGlobalSection
	GlobalSection(ExtensibilityGlobals) = postSolution
		SolutionGuid = {2D25C25A-6F78-4E4D-85A2-A6B017488962}
	EndGlobalSection
EndGlobal
